// !$*UTF8*$!
{
	archiveVersion = 1;
	classes = {
	};
	objectVersion = 46;
	objects = {

/* Begin PBXBuildFile section */
		F1C054B81E811BE000580FC4 /* meme1.swift in Sources */ = {isa = PBXBuildFile; fileRef = F1C054B71E811BE000580FC4 /* meme1.swift */; };
		F1C95F1E1E805067008F715F /* AppDelegate.swift in Sources */ = {isa = PBXBuildFile; fileRef = F1C95F1D1E805067008F715F /* AppDelegate.swift */; };
		F1C95F201E805067008F715F /* ViewController.swift in Sources */ = {isa = PBXBuildFile; fileRef = F1C95F1F1E805067008F715F /* ViewController.swift */; };
		F1C95F231E805067008F715F /* Main.storyboard in Resources */ = {isa = PBXBuildFile; fileRef = F1C95F211E805067008F715F /* Main.storyboard */; };
		F1C95F251E805067008F715F /* Assets.xcassets in Resources */ = {isa = PBXBuildFile; fileRef = F1C95F241E805067008F715F /* Assets.xcassets */; };
		F1C95F281E805067008F715F /* LaunchScreen.storyboard in Resources */ = {isa = PBXBuildFile; fileRef = F1C95F261E805067008F715F /* LaunchScreen.storyboard */; };
/* End PBXBuildFile section */

/* Begin PBXFileReference section */
		F1C054B71E811BE000580FC4 /* meme1.swift */ = {isa = PBXFileReference; fileEncoding = 4; lastKnownFileType = sourcecode.swift; path = meme1.swift; sourceTree = "<group>"; };
		F1C95F1A1E805067008F715F /* meme1.0.app */ = {isa = PBXFileReference; explicitFileType = wrapper.application; includeInIndex = 0; path = meme1.0.app; sourceTree = BUILT_PRODUCTS_DIR; };
		F1C95F1D1E805067008F715F /* AppDelegate.swift */ = {isa = PBXFileReference; lastKnownFileType = sourcecode.swift; path = AppDelegate.swift; sourceTree = "<group>"; };
		F1C95F1F1E805067008F715F /* ViewController.swift */ = {isa = PBXFileReference; lastKnownFileType = sourcecode.swift; path = ViewController.swift; sourceTree = "<group>"; };
		F1C95F221E805067008F715F /* Base */ = {isa = PBXFileReference; lastKnownFileType = file.storyboard; name = Base; path = Base.lproj/Main.storyboard; sourceTree = "<group>"; };
		F1C95F241E805067008F715F /* Assets.xcassets */ = {isa = PBXFileReference; lastKnownFileType = folder.assetcatalog; path = Assets.xcassets; sourceTree = "<group>"; };
		F1C95F271E805067008F715F /* Base */ = {isa = PBXFileReference; lastKnownFileType = file.storyboard; name = Base; path = Base.lproj/LaunchScreen.storyboard; sourceTree = "<group>"; };
		F1C95F291E805067008F715F /* Info.plist */ = {isa = PBXFileReference; lastKnownFileType = text.plist.xml; path = Info.plist; sourceTree = "<group>"; };
/* End PBXFileReference section */

/* Begin PBXFrameworksBuildPhase section */
		F1C95F171E805067008F715F /* Frameworks */ = {
			isa = PBXFrameworksBuildPhase;
			buildActionMask = 2147483647;
			files = (
			);
			runOnlyForDeploymentPostprocessing = 0;
		};
/* End PBXFrameworksBuildPhase section */

/* Begin PBXGroup section */
		F1C95F111E805066008F715F = {
			isa = PBXGroup;
			children = (
				F1C95F1C1E805067008F715F /* meme1.0 */,
				F1C95F1B1E805067008F715F /* Products */,
			);
			sourceTree = "<group>";
		};
		F1C95F1B1E805067008F715F /* Products */ = {
			isa = PBXGroup;
			children = (
				F1C95F1A1E805067008F715F /* meme1.0.app */,
			);
			name = Products;
			sourceTree = "<group>";
		};
		F1C95F1C1E805067008F715F /* meme1.0 */ = {
			isa = PBXGroup;
			children = (
				F1C95F1D1E805067008F715F /* AppDelegate.swift */,
				F1C95F1F1E805067008F715F /* ViewController.swift */,
				F1C054B71E811BE000580FC4 /* meme1.swift */,
				F1C95F211E805067008F715F /* Main.storyboard */,
				F1C95F241E805067008F715F /* Assets.xcassets */,
				F1C95F261E805067008F715F /* LaunchScreen.storyboard */,
				F1C95F291E805067008F715F /* Info.plist */,
			);
			path = meme1.0;
			sourceTree = "<group>";
		};
/* End PBXGroup section */

/* Begin PBXNativeTarget section */
		F1C95F191E805067008F715F /* meme1.0 */ = {
			isa = PBXNativeTarget;
			buildConfigurationList = F1C95F2C1E805067008F715F /* Build configuration list for PBXNativeTarget "meme1.0" */;
			buildPhases = (
				F1C95F161E805067008F715F /* Sources */,
				F1C95F171E805067008F715F /* Frameworks */,
				F1C95F181E805067008F715F /* Resources */,
			);
			buildRules = (
			);
			dependencies = (
			);
			name = meme1.0;
			productName = meme1.0;
			productReference = F1C95F1A1E805067008F715F /* meme1.0.app */;
			productType = "com.apple.product-type.application";
		};
/* End PBXNativeTarget section */

/* Begin PBXProject section */
		F1C95F121E805067008F715F /* Project object */ = {
			isa = PBXProject;
			attributes = {
				LastSwiftUpdateCheck = 0820;
				LastUpgradeCheck = 0820;
				ORGANIZATIONNAME = Rishav;
				TargetAttributes = {
					F1C95F191E805067008F715F = {
						CreatedOnToolsVersion = 8.2.1;
						ProvisioningStyle = Automatic;
					};
				};
			};
			buildConfigurationList = F1C95F151E805067008F715F /* Build configuration list for PBXProject "meme1.0" */;
			compatibilityVersion = "Xcode 3.2";
			developmentRegion = English;
			hasScannedForEncodings = 0;
			knownRegions = (
				en,
				Base,
			);
			mainGroup = F1C95F111E805066008F715F;
			productRefGroup = F1C95F1B1E805067008F715F /* Products */;
			projectDirPath = "";
			projectRoot = "";
			targets = (
				F1C95F191E805067008F715F /* meme1.0 */,
			);
		};
/* End PBXProject section */

/* Begin PBXResourcesBuildPhase section */
		F1C95F181E805067008F715F /* Resources */ = {
			isa = PBXResourcesBuildPhase;
			buildActionMask = 2147483647;
			files = (
				F1C95F281E805067008F715F /* LaunchScreen.storyboard in Resources */,
				F1C95F251E805067008F715F /* Assets.xcassets in Resources */,
				F1C95F231E805067008F715F /* Main.storyboard in Resources */,
			);
			runOnlyForDeploymentPostprocessing = 0;
		};
/* End PBXResourcesBuildPhase section */

/* Begin PBXSourcesBuildPhase section */
		F1C95F161E805067008F715F /* Sources */ = {
			isa = PBXSourcesBuildPhase;
			buildActionMask = 2147483647;
			files = (
				F1C95F201E805067008F715F /* ViewController.swift in Sources */,
				F1C054B81E811BE000580FC4 /* meme1.swift in Sources */,
				F1C95F1E1E805067008F715F /* AppDelegate.swift in Sources */,
			);
			runOnlyForDeploymentPostprocessing = 0;
		};
/* End PBXSourcesBuildPhase section */

/* Begin PBXVariantGroup section */
		F1C95F211E805067008F715F /* Main.storyboard */ = {
			isa = PBXVariantGroup;
			children = (
				F1C95F221E805067008F715F /* Base */,
			);
			name = Main.storyboard;
			sourceTree = "<group>";
		};
		F1C95F261E805067008F715F /* LaunchScreen.storyboard */ = {
			isa = PBXVariantGroup;
			children = (
				F1C95F271E805067008F715F /* Base */,
			);
			name = LaunchScreen.storyboard;
			sourceTree = "<group>";
		};
/* End PBXVariantGroup section */

/* Begin XCBuildConfiguration section */
		F1C95F2A1E805067008F715F /* Debug */ = {
			isa = XCBuildConfiguration;
			buildSettings = {
				ALWAYS_SEARCH_USER_PATHS = NO;
				CLANG_ANALYZER_NONNULL = YES;
				CLANG_CXX_LANGUAGE_STANDARD = "gnu++0x";
				CLANG_CXX_LIBRARY = "libc++";
				CLANG_ENABLE_MODULES = YES;
				CLANG_ENABLE_OBJC_ARC = YES;
				CLANG_WARN_BOOL_CONVERSION = YES;
				CLANG_WARN_CONSTANT_CONVERSION = YES;
				CLANG_WARN_DIRECT_OBJC_ISA_USAGE = YES_ERROR;
				CLANG_WARN_DOCUMENTATION_COMMENTS = YES;
				CLANG_WARN_EMPTY_BODY = YES;
				CLANG_WARN_ENUM_CONVERSION = YES;
				CLANG_WARN_INFINITE_RECURSION = YES;
				CLANG_WARN_INT_CONVERSION = YES;
				CLANG_WARN_OBJC_ROOT_CLASS = YES_ERROR;
				CLANG_WARN_SUSPICIOUS_MOVE = YES;
				CLANG_WARN_UNREACHABLE_CODE = YES;
				CLANG_WARN__DUPLICATE_METHOD_MATCH = YES;
				"CODE_SIGN_IDENTITY[sdk=iphoneos*]" = "iPhone Developer";
				COPY_PHASE_STRIP = NO;
				DEBUG_INFORMATION_FORMAT = dwarf;
				ENABLE_STRICT_OBJC_MSGSEND = YES;
				ENABLE_TESTABILITY = YES;
				GCC_C_LANGUAGE_STANDARD = gnu99;
				GCC_DYNAMIC_NO_PIC = NO;
				GCC_NO_COMMON_BLOCKS = YES;
				GCC_OPTIMIZATION_LEVEL = 0;
				GCC_PREPROCESSOR_DEFINITIONS = (
					"DEBUG=1",
					"$(inherited)",
				);
				GCC_WARN_64_TO_32_BIT_CONVERSION = YES;
				GCC_WARN_ABOUT_RETURN_TYPE = YES_ERROR;
				GCC_WARN_UNDECLARED_SELECTOR = YES;
				GCC_WARN_UNINITIALIZED_AUTOS = YES_AGGRESSIVE;
				GCC_WARN_UNUSED_FUNCTION = YES;
				GCC_WARN_UNUSED_VARIABLE = YES;
				IPHONEOS_DEPLOYMENT_TARGET = 10.2;
				MTL_ENABLE_DEBUG_INFO = YES;
				ONLY_ACTIVE_ARCH = YES;
				SDKROOT = iphoneos;
				SWIFT_ACTIVE_COMPILATION_CONDITIONS = DEBUG;
				SWIFT_OPTIMIZATION_LEVEL = "-Onone";
			};
			name = Debug;
		};
		F1C95F2B1E805067008F715F /* Release */ = {
			isa = XCBuildConfiguration;
			buildSettings = {
				ALWAYS_SEARCH_USER_PATHS = NO;
				CLANG_ANALYZER_NONNULL = YES;
				CLANG_CXX_LANGUAGE_STANDARD = "gnu++0x";
				CLANG_CXX_LIBRARY = "libc++";
				CLANG_ENABLE_MODULES = YES;
				CLANG_ENABLE_OBJC_ARC = YES;
				CLANG_WARN_BOOL_CONVERSION = YES;
				CLANG_WARN_CONSTANT_CONVERSION = YES;
				CLANG_WARN_DIRECT_OBJC_ISA_USAGE = YES_ERROR;
				CLANG_WARN_DOCUMENTATION_COMMENTS = YES;
				CLANG_WARN_EMPTY_BODY = YES;
				CLANG_WARN_ENUM_CONVERSION = YES;
				CLANG_WARN_INFINITE_RECURSION = YES;
				CLANG_WARN_INT_CONVERSION = YES;
				CLANG_WARN_OBJC_ROOT_CLASS = YES_ERROR;
				CLANG_WARN_SUSPICIOUS_MOVE = YES;
				CLANG_WARN_UNREACHABLE_CODE = YES;
				CLANG_WARN__DUPLICATE_METHOD_MATCH = YES;
				"CODE_SIGN_IDENTITY[sdk=iphoneos*]" = "iPhone Developer";
				COPY_PHASE_STRIP = NO;
				DEBUG_INFORMATION_FORMAT = "dwarf-with-dsym";
				ENABLE_NS_ASSERTIONS = NO;
				ENABLE_STRICT_OBJC_MSGSEND = YES;
				GCC_C_LANGUAGE_STANDARD = gnu99;
				GCC_NO_COMMON_BLOCKS = YES;
				GCC_WARN_64_TO_32_BIT_CONVERSION = YES;
				GCC_WARN_ABOUT_RETURN_TYPE = YES_ERROR;
				GCC_WARN_UNDECLARED_SELECTOR = YES;
				GCC_WARN_UNINITIALIZED_AUTOS = YES_AGGRESSIVE;
				GCC_WARN_UNUSED_FUNCTION = YES;
				GCC_WARN_UNUSED_VARIABLE = YES;
				IPHONEOS_DEPLOYMENT_TARGET = 10.2;
				MTL_ENABLE_DEBUG_INFO = NO;
				SDKROOT = iphoneos;
				SWIFT_OPTIMIZATION_LEVEL = "-Owholemodule";
				VALIDATE_PRODUCT = YES;
			};
			name = Release;
		};
		F1C95F2D1E805067008F715F /* Debug */ = {
			isa = XCBuildConfiguration;
			buildSettings = {
				ASSETCATALOG_COMPILER_APPICON_NAME = AppIcon;
				INFOPLIST_FILE = meme1.0/Info.plist;
				LD_RUNPATH_SEARCH_PATHS = "$(inherited) @executable_path/Frameworks";
				PRODUCT_BUNDLE_IDENTIFIER = "com.RIshav.meme1-0";
				PRODUCT_NAME = "$(TARGET_NAME)";
				SWIFT_VERSION = 3.0;
			};
			name = Debug;
		};
		F1C95F2E1E805067008F715F /* Release */ = {
			isa = XCBuildConfiguration;
			buildSettings = {
				ASSETCATALOG_COMPILER_APPICON_NAME = AppIcon;
				INFOPLIST_FILE = meme1.0/Info.plist;
				LD_RUNPATH_SEARCH_PATHS = "$(inherited) @executable_path/Frameworks";
				PRODUCT_BUNDLE_IDENTIFIER = "com.RIshav.meme1-0";
				PRODUCT_NAME = "$(TARGET_NAME)";
				SWIFT_VERSION = 3.0;
			};
			name = Release;
		};
/* End XCBuildConfiguration section */

/* Begin XCConfigurationList section */
		F1C95F151E805067008F715F /* Build configuration list for PBXProject "meme1.0" */ = {
			isa = XCConfigurationList;
			buildConfigurations = (
				F1C95F2A1E805067008F715F /* Debug */,
				F1C95F2B1E805067008F715F /* Release */,
			);
			defaultConfigurationIsVisible = 0;
			defaultConfigurationName = Release;
		};
		F1C95F2C1E805067008F715F /* Build configuration list for PBXNativeTarget "meme1.0" */ = {
			isa = XCConfigurationList;
			buildConfigurations = (
				F1C95F2D1E805067008F715F /* Debug */,
				F1C95F2E1E805067008F715F /* Release */,
			);
			defaultConfigurationIsVisible = 0;
			defaultConfigurationName = Release;
		};
/* End XCConfigurationList section */
	};
	rootObject = F1C95F121E805067008F715F /* Project object */;
}
